
Microsoft Visual Studio Solution File, Format Version 12.00
# Visual Studio Version 17
VisualStudioVersion = 17.11.35219.272
MinimumVisualStudioVersion = 10.0.40219.1
Project("{FAE04EC0-301F-11D3-BF4B-00C04F79EFBC}") = "projeto-yt", "projeto-yt\projeto-yt.csproj", "{BF261245-8F17-404A-9935-F02D7730D7F4}"
EndProject
Global
	GlobalSection(SolutionConfigurationPlatforms) = preSolution
		Debug|Any CPU = Debug|Any CPU
		Release|Any CPU = Release|Any CPU
	EndGlobalSection
	GlobalSection(ProjectConfigurationPlatforms) = postSolution
		{BF261245-8F17-404A-9935-F02D7730D7F4}.Debug|Any CPU.ActiveCfg = Debug|Any CPU
		{BF261245-8F17-404A-9935-F02D7730D7F4}.Debug|Any CPU.Build.0 = Debug|Any CPU
		{BF261245-8F17-404A-9935-F02D7730D7F4}.Release|Any CPU.ActiveCfg = Release|Any CPU
		{BF261245-8F17-404A-9935-F02D7730D7F4}.Release|Any CPU.Build.0 = Release|Any CPU
	EndGlobalSection
	GlobalSection(SolutionProperties) = preSolution
		HideSolutionNode = FALSE
	EndGlobalSection
	GlobalSection(ExtensibilityGlobals) = postSolution
		SolutionGuid = {8E466C68-6521-4392-ADD2-C45EB2C907C6}
	EndGlobalSection
EndGlobal
